
Microsoft Visual Studio Solution File, Format Version 12.00
# Visual Studio Version 17
VisualStudioVersion = 17.7.34202.233
MinimumVisualStudioVersion = 10.0.40219.1
Project("{FAE04EC0-301F-11D3-BF4B-00C04F79EFBC}") = "merge sort algorytmy", "merge sort algorytmy.csproj", "{558504FE-C01F-4161-96C6-27490D1D0813}"
EndProject
Global
	GlobalSection(SolutionConfigurationPlatforms) = preSolution
		Debug|Any CPU = Debug|Any CPU
		Release|Any CPU = Release|Any CPU
	EndGlobalSection
	GlobalSection(ProjectConfigurationPlatforms) = postSolution
		{558504FE-C01F-4161-96C6-27490D1D0813}.Debug|Any CPU.ActiveCfg = Debug|Any CPU
		{558504FE-C01F-4161-96C6-27490D1D0813}.Debug|Any CPU.Build.0 = Debug|Any CPU
		{558504FE-C01F-4161-96C6-27490D1D0813}.Release|Any CPU.ActiveCfg = Release|Any CPU
		{558504FE-C01F-4161-96C6-27490D1D0813}.Release|Any CPU.Build.0 = Release|Any CPU
	EndGlobalSection
	GlobalSection(SolutionProperties) = preSolution
		HideSolutionNode = FALSE
	EndGlobalSection
	GlobalSection(ExtensibilityGlobals) = postSolution
		SolutionGuid = {7FAA594D-DB5A-4F1A-BB78-E51AD4D7CBDC}
	EndGlobalSection
EndGlobal
